
Microsoft Visual Studio Solution File, Format Version 12.00
# Visual Studio Version 17
VisualStudioVersion = 17.2.32526.322
MinimumVisualStudioVersion = 10.0.40219.1
Project("{FAE04EC0-301F-11D3-BF4B-00C04F79EFBC}") = "AskMe.Api", "AskMe.Api\AskMe.Api.csproj", "{781EED2F-DD0E-4BB6-A42F-F9D92BC18F5B}"
EndProject
Project("{2150E333-8FDC-42A3-9474-1A3956D46DE8}") = "src", "src", "{8B90FFC4-B15C-4033-B296-460AD4A8FCA5}"
EndProject
Project("{FAE04EC0-301F-11D3-BF4B-00C04F79EFBC}") = "AskMe.Core", "AskMe.Core\AskMe.Core.csproj", "{20C924F9-B6A2-4A17-99F6-FF42A48D0F71}"
EndProject
Project("{FAE04EC0-301F-11D3-BF4B-00C04F79EFBC}") = "AskMe.Services", "AskMe.Services\AskMe.Services.csproj", "{DC5EF700-AF57-42C6-B560-FA2900485980}"
EndProject
Project("{FAE04EC0-301F-11D3-BF4B-00C04F79EFBC}") = "AskMe.Web", "AskMe.Web\AskMe.Web.csproj", "{616423D8-270F-4127-8120-349EBF9C514F}"
EndProject
Project("{FAE04EC0-301F-11D3-BF4B-00C04F79EFBC}") = "AskMe.Views", "AskMe.Views\AskMe.Views.csproj", "{C0904232-EE03-4C27-8563-ADED2DD59C2D}"
EndProject
Project("{FAE04EC0-301F-11D3-BF4B-00C04F79EFBC}") = "AskMe.Authentication", "AskMe.Authentication\AskMe.Authentication.csproj", "{AA185F52-9F62-470E-BE39-36247434D19A}"
EndProject
Project("{FAE04EC0-301F-11D3-BF4B-00C04F79EFBC}") = "AskMe.Identity", "AskMe.Identity\AskMe.Identity.csproj", "{157EB5FC-E6F0-4998-BCC8-596482993F82}"
EndProject
Project("{FAE04EC0-301F-11D3-BF4B-00C04F79EFBC}") = "AskMe.Notifications", "Notifications\AskMe.Notifications.csproj", "{F8B3DFC4-D0F1-4780-901B-964013D939DC}"
EndProject
Global
	GlobalSection(SolutionConfigurationPlatforms) = preSolution
		Debug|Any CPU = Debug|Any CPU
		Release|Any CPU = Release|Any CPU
	EndGlobalSection
	GlobalSection(ProjectConfigurationPlatforms) = postSolution
		{781EED2F-DD0E-4BB6-A42F-F9D92BC18F5B}.Debug|Any CPU.ActiveCfg = Debug|Any CPU
		{781EED2F-DD0E-4BB6-A42F-F9D92BC18F5B}.Debug|Any CPU.Build.0 = Debug|Any CPU
		{781EED2F-DD0E-4BB6-A42F-F9D92BC18F5B}.Release|Any CPU.ActiveCfg = Release|Any CPU
		{781EED2F-DD0E-4BB6-A42F-F9D92BC18F5B}.Release|Any CPU.Build.0 = Release|Any CPU
		{20C924F9-B6A2-4A17-99F6-FF42A48D0F71}.Debug|Any CPU.ActiveCfg = Debug|Any CPU
		{20C924F9-B6A2-4A17-99F6-FF42A48D0F71}.Debug|Any CPU.Build.0 = Debug|Any CPU
		{20C924F9-B6A2-4A17-99F6-FF42A48D0F71}.Release|Any CPU.ActiveCfg = Release|Any CPU
		{20C924F9-B6A2-4A17-99F6-FF42A48D0F71}.Release|Any CPU.Build.0 = Release|Any CPU
		{DC5EF700-AF57-42C6-B560-FA2900485980}.Debug|Any CPU.ActiveCfg = Debug|Any CPU
		{DC5EF700-AF57-42C6-B560-FA2900485980}.Debug|Any CPU.Build.0 = Debug|Any CPU
		{DC5EF700-AF57-42C6-B560-FA2900485980}.Release|Any CPU.ActiveCfg = Release|Any CPU
		{DC5EF700-AF57-42C6-B560-FA2900485980}.Release|Any CPU.Build.0 = Release|Any CPU
		{616423D8-270F-4127-8120-349EBF9C514F}.Debug|Any CPU.ActiveCfg = Debug|Any CPU
		{616423D8-270F-4127-8120-349EBF9C514F}.Debug|Any CPU.Build.0 = Debug|Any CPU
		{616423D8-270F-4127-8120-349EBF9C514F}.Release|Any CPU.ActiveCfg = Release|Any CPU
		{616423D8-270F-4127-8120-349EBF9C514F}.Release|Any CPU.Build.0 = Release|Any CPU
		{C0904232-EE03-4C27-8563-ADED2DD59C2D}.Debug|Any CPU.ActiveCfg = Debug|Any CPU
		{C0904232-EE03-4C27-8563-ADED2DD59C2D}.Debug|Any CPU.Build.0 = Debug|Any CPU
		{C0904232-EE03-4C27-8563-ADED2DD59C2D}.Release|Any CPU.ActiveCfg = Release|Any CPU
		{C0904232-EE03-4C27-8563-ADED2DD59C2D}.Release|Any CPU.Build.0 = Release|Any CPU
		{AA185F52-9F62-470E-BE39-36247434D19A}.Debug|Any CPU.ActiveCfg = Debug|Any CPU
		{AA185F52-9F62-470E-BE39-36247434D19A}.Debug|Any CPU.Build.0 = Debug|Any CPU
		{AA185F52-9F62-470E-BE39-36247434D19A}.Release|Any CPU.ActiveCfg = Release|Any CPU
		{AA185F52-9F62-470E-BE39-36247434D19A}.Release|Any CPU.Build.0 = Release|Any CPU
		{157EB5FC-E6F0-4998-BCC8-596482993F82}.Debug|Any CPU.ActiveCfg = Debug|Any CPU
		{157EB5FC-E6F0-4998-BCC8-596482993F82}.Debug|Any CPU.Build.0 = Debug|Any CPU
		{157EB5FC-E6F0-4998-BCC8-596482993F82}.Release|Any CPU.ActiveCfg = Release|Any CPU
		{157EB5FC-E6F0-4998-BCC8-596482993F82}.Release|Any CPU.Build.0 = Release|Any CPU
		{F8B3DFC4-D0F1-4780-901B-964013D939DC}.Debug|Any CPU.ActiveCfg = Debug|Any CPU
		{F8B3DFC4-D0F1-4780-901B-964013D939DC}.Debug|Any CPU.Build.0 = Debug|Any CPU
		{F8B3DFC4-D0F1-4780-901B-964013D939DC}.Release|Any CPU.ActiveCfg = Release|Any CPU
		{F8B3DFC4-D0F1-4780-901B-964013D939DC}.Release|Any CPU.Build.0 = Release|Any CPU
	EndGlobalSection
	GlobalSection(SolutionProperties) = preSolution
		HideSolutionNode = FALSE
	EndGlobalSection
	GlobalSection(NestedProjects) = preSolution
		{781EED2F-DD0E-4BB6-A42F-F9D92BC18F5B} = {8B90FFC4-B15C-4033-B296-460AD4A8FCA5}
		{20C924F9-B6A2-4A17-99F6-FF42A48D0F71} = {8B90FFC4-B15C-4033-B296-460AD4A8FCA5}
		{DC5EF700-AF57-42C6-B560-FA2900485980} = {8B90FFC4-B15C-4033-B296-460AD4A8FCA5}
		{616423D8-270F-4127-8120-349EBF9C514F} = {8B90FFC4-B15C-4033-B296-460AD4A8FCA5}
		{C0904232-EE03-4C27-8563-ADED2DD59C2D} = {8B90FFC4-B15C-4033-B296-460AD4A8FCA5}
		{AA185F52-9F62-470E-BE39-36247434D19A} = {8B90FFC4-B15C-4033-B296-460AD4A8FCA5}
		{157EB5FC-E6F0-4998-BCC8-596482993F82} = {8B90FFC4-B15C-4033-B296-460AD4A8FCA5}
		{F8B3DFC4-D0F1-4780-901B-964013D939DC} = {8B90FFC4-B15C-4033-B296-460AD4A8FCA5}
	EndGlobalSection
	GlobalSection(ExtensibilityGlobals) = postSolution
		SolutionGuid = {7CA2C566-E064-4236-B76B-98D5488B8005}
	EndGlobalSection
EndGlobal
